
Microsoft Visual Studio Solution File, Format Version 12.00
# Visual Studio Version 17
VisualStudioVersion = 17.6.33829.357
MinimumVisualStudioVersion = 10.0.40219.1
Project("{FAE04EC0-301F-11D3-BF4B-00C04F79EFBC}") = "BaskentTextli", "BaskentTextli\BaskentTextli.csproj", "{B8A6AA40-459F-4D2A-8C0F-2C374E25BB95}"
EndProject
Global
	GlobalSection(SolutionConfigurationPlatforms) = preSolution
		Debug|Any CPU = Debug|Any CPU
		Release|Any CPU = Release|Any CPU
	EndGlobalSection
	GlobalSection(ProjectConfigurationPlatforms) = postSolution
		{B8A6AA40-459F-4D2A-8C0F-2C374E25BB95}.Debug|Any CPU.ActiveCfg = Debug|Any CPU
		{B8A6AA40-459F-4D2A-8C0F-2C374E25BB95}.Debug|Any CPU.Build.0 = Debug|Any CPU
		{B8A6AA40-459F-4D2A-8C0F-2C374E25BB95}.Release|Any CPU.ActiveCfg = Release|Any CPU
		{B8A6AA40-459F-4D2A-8C0F-2C374E25BB95}.Release|Any CPU.Build.0 = Release|Any CPU
	EndGlobalSection
	GlobalSection(SolutionProperties) = preSolution
		HideSolutionNode = FALSE
	EndGlobalSection
	GlobalSection(ExtensibilityGlobals) = postSolution
		SolutionGuid = {479AF062-91A4-41E3-A610-D2C9D3154943}
	EndGlobalSection
EndGlobal
